# This file is automatically @generated by Cargo.
# It is not intended for manual editing.
version = 3

[[package]]
name = "compile-po2mo"
version = "0.1.0"
dependencies = [
 "polib",
]

[[package]]
name = "polib"
version = "0.0.1"
source = "git+https://github.com/BrettDong/polib?branch=main#9c8942a7b7197a467aa121991908cbd81903406b"
